
Microsoft Visual Studio Solution File, Format Version 12.00
# Visual Studio 14
VisualStudioVersion = 14.0.25420.1
MinimumVisualStudioVersion = 10.0.40219.1
Project("{8BC9CEB8-8B4A-11D0-8D11-00A0C91BC942}") = "App", "App\App.vcxproj", "{94E99279-6F5A-4B53-8F9D-356C7210B876}"
EndProject
Project("{8BC9CEB8-8B4A-11D0-8D11-00A0C91BC942}") = "Enclave", "..\Enclave\Enclave\Enclave.vcxproj", "{2929BFBA-EAD4-4947-B465-053CDBD66247}"
EndProject
Global
	GlobalSection(SolutionConfigurationPlatforms) = preSolution
		Debug|x64 = Debug|x64
		Debug|x86 = Debug|x86
		Prerelease|x64 = Prerelease|x64
		Prerelease|x86 = Prerelease|x86
		Release|x64 = Release|x64
		Release|x86 = Release|x86
		Simulation|x64 = Simulation|x64
		Simulation|x86 = Simulation|x86
	EndGlobalSection
	GlobalSection(ProjectConfigurationPlatforms) = postSolution
		{94E99279-6F5A-4B53-8F9D-356C7210B876}.Debug|x64.ActiveCfg = Debug|x64
		{94E99279-6F5A-4B53-8F9D-356C7210B876}.Debug|x64.Build.0 = Debug|x64
		{94E99279-6F5A-4B53-8F9D-356C7210B876}.Debug|x86.ActiveCfg = Debug|Win32
		{94E99279-6F5A-4B53-8F9D-356C7210B876}.Debug|x86.Build.0 = Debug|Win32
		{94E99279-6F5A-4B53-8F9D-356C7210B876}.Prerelease|x64.ActiveCfg = Prerelease|x64
		{94E99279-6F5A-4B53-8F9D-356C7210B876}.Prerelease|x64.Build.0 = Prerelease|x64
		{94E99279-6F5A-4B53-8F9D-356C7210B876}.Prerelease|x86.ActiveCfg = Prerelease|Win32
		{94E99279-6F5A-4B53-8F9D-356C7210B876}.Prerelease|x86.Build.0 = Prerelease|Win32
		{94E99279-6F5A-4B53-8F9D-356C7210B876}.Release|x64.ActiveCfg = Release|x64
		{94E99279-6F5A-4B53-8F9D-356C7210B876}.Release|x64.Build.0 = Release|x64
		{94E99279-6F5A-4B53-8F9D-356C7210B876}.Release|x86.ActiveCfg = Release|Win32
		{94E99279-6F5A-4B53-8F9D-356C7210B876}.Release|x86.Build.0 = Release|Win32
		{94E99279-6F5A-4B53-8F9D-356C7210B876}.Simulation|x64.ActiveCfg = Simulation|x64
		{94E99279-6F5A-4B53-8F9D-356C7210B876}.Simulation|x64.Build.0 = Simulation|x64
		{94E99279-6F5A-4B53-8F9D-356C7210B876}.Simulation|x86.ActiveCfg = Simulation|Win32
		{94E99279-6F5A-4B53-8F9D-356C7210B876}.Simulation|x86.Build.0 = Simulation|Win32
		{2929BFBA-EAD4-4947-B465-053CDBD66247}.Debug|x64.ActiveCfg = Debug|x64
		{2929BFBA-EAD4-4947-B465-053CDBD66247}.Debug|x64.Build.0 = Debug|x64
		{2929BFBA-EAD4-4947-B465-053CDBD66247}.Debug|x86.ActiveCfg = Debug|Win32
		{2929BFBA-EAD4-4947-B465-053CDBD66247}.Debug|x86.Build.0 = Debug|Win32
		{2929BFBA-EAD4-4947-B465-053CDBD66247}.Prerelease|x64.ActiveCfg = Prerelease|x64
		{2929BFBA-EAD4-4947-B465-053CDBD66247}.Prerelease|x64.Build.0 = Prerelease|x64
		{2929BFBA-EAD4-4947-B465-053CDBD66247}.Prerelease|x86.ActiveCfg = Prerelease|Win32
		{2929BFBA-EAD4-4947-B465-053CDBD66247}.Prerelease|x86.Build.0 = Prerelease|Win32
		{2929BFBA-EAD4-4947-B465-053CDBD66247}.Release|x64.ActiveCfg = Release|x64
		{2929BFBA-EAD4-4947-B465-053CDBD66247}.Release|x64.Build.0 = Release|x64
		{2929BFBA-EAD4-4947-B465-053CDBD66247}.Release|x86.ActiveCfg = Release|Win32
		{2929BFBA-EAD4-4947-B465-053CDBD66247}.Release|x86.Build.0 = Release|Win32
		{2929BFBA-EAD4-4947-B465-053CDBD66247}.Simulation|x64.ActiveCfg = Simulation|x64
		{2929BFBA-EAD4-4947-B465-053CDBD66247}.Simulation|x64.Build.0 = Simulation|x64
		{2929BFBA-EAD4-4947-B465-053CDBD66247}.Simulation|x86.ActiveCfg = Simulation|Win32
		{2929BFBA-EAD4-4947-B465-053CDBD66247}.Simulation|x86.Build.0 = Simulation|Win32
	EndGlobalSection
	GlobalSection(SolutionProperties) = preSolution
		HideSolutionNode = FALSE
	EndGlobalSection
EndGlobal
